
Microsoft Visual Studio Solution File, Format Version 12.00
# Visual Studio Version 16
VisualStudioVersion = 16.0.30503.244
MinimumVisualStudioVersion = 10.0.40219.1
Project("{FAE04EC0-301F-11D3-BF4B-00C04F79EFBC}") = "OOP-course-project", "OOP-course-project.csproj", "{B275A830-3BF7-4841-9F50-B5378E7114F6}"
EndProject
Global
	GlobalSection(SolutionConfigurationPlatforms) = preSolution
		Debug|Any CPU = Debug|Any CPU
		Release|Any CPU = Release|Any CPU
	EndGlobalSection
	GlobalSection(ProjectConfigurationPlatforms) = postSolution
		{B275A830-3BF7-4841-9F50-B5378E7114F6}.Debug|Any CPU.ActiveCfg = Debug|Any CPU
		{B275A830-3BF7-4841-9F50-B5378E7114F6}.Debug|Any CPU.Build.0 = Debug|Any CPU
		{B275A830-3BF7-4841-9F50-B5378E7114F6}.Release|Any CPU.ActiveCfg = Release|Any CPU
		{B275A830-3BF7-4841-9F50-B5378E7114F6}.Release|Any CPU.Build.0 = Release|Any CPU
	EndGlobalSection
	GlobalSection(SolutionProperties) = preSolution
		HideSolutionNode = FALSE
	EndGlobalSection
	GlobalSection(ExtensibilityGlobals) = postSolution
		SolutionGuid = {1F606746-4BEE-4879-BEC3-55221DE962B9}
	EndGlobalSection
EndGlobal
